
Microsoft Visual Studio Solution File, Format Version 12.00
# Visual Studio 2013
VisualStudioVersion = 12.0.31101.0
MinimumVisualStudioVersion = 10.0.40219.1
Project("{FAE04EC0-301F-11D3-BF4B-00C04F79EFBC}") = "SocialApi", "SocialApi\SocialApi.csproj", "{3EB3EF0D-A4C4-452E-A8E3-75D443600D50}"
EndProject
Project("{FAE04EC0-301F-11D3-BF4B-00C04F79EFBC}") = "SocialApi.Tests", "SocialApi.Tests\SocialApi.Tests.csproj", "{47D44913-B04B-4EE2-A135-A2D82502B111}"
EndProject
Global
	GlobalSection(SolutionConfigurationPlatforms) = preSolution
		Debug|Any CPU = Debug|Any CPU
		Release|Any CPU = Release|Any CPU
	EndGlobalSection
	GlobalSection(ProjectConfigurationPlatforms) = postSolution
		{3EB3EF0D-A4C4-452E-A8E3-75D443600D50}.Debug|Any CPU.ActiveCfg = Debug|Any CPU
		{3EB3EF0D-A4C4-452E-A8E3-75D443600D50}.Debug|Any CPU.Build.0 = Debug|Any CPU
		{3EB3EF0D-A4C4-452E-A8E3-75D443600D50}.Release|Any CPU.ActiveCfg = Release|Any CPU
		{3EB3EF0D-A4C4-452E-A8E3-75D443600D50}.Release|Any CPU.Build.0 = Release|Any CPU
		{47D44913-B04B-4EE2-A135-A2D82502B111}.Debug|Any CPU.ActiveCfg = Debug|Any CPU
		{47D44913-B04B-4EE2-A135-A2D82502B111}.Debug|Any CPU.Build.0 = Debug|Any CPU
		{47D44913-B04B-4EE2-A135-A2D82502B111}.Release|Any CPU.ActiveCfg = Release|Any CPU
		{47D44913-B04B-4EE2-A135-A2D82502B111}.Release|Any CPU.Build.0 = Release|Any CPU
	EndGlobalSection
	GlobalSection(SolutionProperties) = preSolution
		HideSolutionNode = FALSE
	EndGlobalSection
EndGlobal
